
Microsoft Visual Studio Solution File, Format Version 12.00
# Visual Studio Version 16
VisualStudioVersion = 16.0.30011.22
MinimumVisualStudioVersion = 10.0.40219.1
Project("{9A19103F-16F7-4668-BE54-9A1E7A4F7556}") = "TourPlaner", "TourPlaner.csproj", "{2DA128E6-C46F-41F2-8FE3-03DFA1483218}"
EndProject
Project("{9A19103F-16F7-4668-BE54-9A1E7A4F7556}") = "TourPlaner_BL", "TourPlaner_BL\TourPlaner_BL.csproj", "{F3EF0DF0-4F30-454B-BC57-4BDCC5CB5B47}"
EndProject
Project("{9A19103F-16F7-4668-BE54-9A1E7A4F7556}") = "TourPlaner_DL", "TourPlaner_DL\TourPlaner_DL.csproj", "{6BB74383-005A-49CC-AA88-06340930F0BA}"
EndProject
Project("{9A19103F-16F7-4668-BE54-9A1E7A4F7556}") = "TourPlaner_Models", "TourPlaner_Models\TourPlaner_Models.csproj", "{26DE3815-E8CE-44A9-8717-783626729485}"
EndProject
Project("{9A19103F-16F7-4668-BE54-9A1E7A4F7556}") = "TourPlanerTests", "TourPlanerTests\TourPlanerTests.csproj", "{C0F7C12D-A992-41DD-A370-A3D9D7D42393}"
EndProject
Global
	GlobalSection(SolutionConfigurationPlatforms) = preSolution
		Debug|Any CPU = Debug|Any CPU
		Release|Any CPU = Release|Any CPU
	EndGlobalSection
	GlobalSection(ProjectConfigurationPlatforms) = postSolution
		{2DA128E6-C46F-41F2-8FE3-03DFA1483218}.Debug|Any CPU.ActiveCfg = Debug|Any CPU
		{2DA128E6-C46F-41F2-8FE3-03DFA1483218}.Debug|Any CPU.Build.0 = Debug|Any CPU
		{2DA128E6-C46F-41F2-8FE3-03DFA1483218}.Release|Any CPU.ActiveCfg = Release|Any CPU
		{2DA128E6-C46F-41F2-8FE3-03DFA1483218}.Release|Any CPU.Build.0 = Release|Any CPU
		{F3EF0DF0-4F30-454B-BC57-4BDCC5CB5B47}.Debug|Any CPU.ActiveCfg = Debug|Any CPU
		{F3EF0DF0-4F30-454B-BC57-4BDCC5CB5B47}.Debug|Any CPU.Build.0 = Debug|Any CPU
		{F3EF0DF0-4F30-454B-BC57-4BDCC5CB5B47}.Release|Any CPU.ActiveCfg = Release|Any CPU
		{F3EF0DF0-4F30-454B-BC57-4BDCC5CB5B47}.Release|Any CPU.Build.0 = Release|Any CPU
		{6BB74383-005A-49CC-AA88-06340930F0BA}.Debug|Any CPU.ActiveCfg = Debug|Any CPU
		{6BB74383-005A-49CC-AA88-06340930F0BA}.Debug|Any CPU.Build.0 = Debug|Any CPU
		{6BB74383-005A-49CC-AA88-06340930F0BA}.Release|Any CPU.ActiveCfg = Release|Any CPU
		{6BB74383-005A-49CC-AA88-06340930F0BA}.Release|Any CPU.Build.0 = Release|Any CPU
		{26DE3815-E8CE-44A9-8717-783626729485}.Debug|Any CPU.ActiveCfg = Debug|Any CPU
		{26DE3815-E8CE-44A9-8717-783626729485}.Debug|Any CPU.Build.0 = Debug|Any CPU
		{26DE3815-E8CE-44A9-8717-783626729485}.Release|Any CPU.ActiveCfg = Release|Any CPU
		{26DE3815-E8CE-44A9-8717-783626729485}.Release|Any CPU.Build.0 = Release|Any CPU
		{C0F7C12D-A992-41DD-A370-A3D9D7D42393}.Debug|Any CPU.ActiveCfg = Debug|Any CPU
		{C0F7C12D-A992-41DD-A370-A3D9D7D42393}.Debug|Any CPU.Build.0 = Debug|Any CPU
		{C0F7C12D-A992-41DD-A370-A3D9D7D42393}.Release|Any CPU.ActiveCfg = Release|Any CPU
		{C0F7C12D-A992-41DD-A370-A3D9D7D42393}.Release|Any CPU.Build.0 = Release|Any CPU
	EndGlobalSection
	GlobalSection(SolutionProperties) = preSolution
		HideSolutionNode = FALSE
	EndGlobalSection
	GlobalSection(ExtensibilityGlobals) = postSolution
		SolutionGuid = {5290CF9C-995C-4CDF-9279-FBC69DAD1DF3}
	EndGlobalSection
EndGlobal
