
Microsoft Visual Studio Solution File, Format Version 12.00
# Visual Studio Version 16
VisualStudioVersion = 16.0.30011.22
MinimumVisualStudioVersion = 10.0.40219.1
Project("{9A19103F-16F7-4668-BE54-9A1E7A4F7556}") = "TourPlaner", "TourPlaner.csproj", "{2DA128E6-C46F-41F2-8FE3-03DFA1483218}"
EndProject
Project("{9A19103F-16F7-4668-BE54-9A1E7A4F7556}") = "TourPlaner_BL", "TourPlaner_BL\TourPlaner_BL.csproj", "{D1DC9F50-A60C-40BA-A53D-EC49F8966698}"
EndProject
Project("{9A19103F-16F7-4668-BE54-9A1E7A4F7556}") = "TourPlaner_DL", "TourPlaner_DL\TourPlaner_DL.csproj", "{4F674B57-C449-4D9F-B52F-7080D9B00556}"
EndProject
Project("{9A19103F-16F7-4668-BE54-9A1E7A4F7556}") = "TourPlaner_Models", "TourPlaner_Models\TourPlaner_Models.csproj", "{817F9A45-CA55-43FF-8864-70FC71C77808}"
EndProject
Project("{FAE04EC0-301F-11D3-BF4B-00C04F79EFBC}") = "TourPlanerTests", "..\TourPlanerTests\TourPlanerTests.csproj", "{B8026F24-7A09-40E5-8DB0-01E5A566EABC}"
EndProject
Global
	GlobalSection(SolutionConfigurationPlatforms) = preSolution
		Debug|Any CPU = Debug|Any CPU
		Release|Any CPU = Release|Any CPU
	EndGlobalSection
	GlobalSection(ProjectConfigurationPlatforms) = postSolution
		{2DA128E6-C46F-41F2-8FE3-03DFA1483218}.Debug|Any CPU.ActiveCfg = Debug|Any CPU
		{2DA128E6-C46F-41F2-8FE3-03DFA1483218}.Debug|Any CPU.Build.0 = Debug|Any CPU
		{2DA128E6-C46F-41F2-8FE3-03DFA1483218}.Release|Any CPU.ActiveCfg = Release|Any CPU
		{2DA128E6-C46F-41F2-8FE3-03DFA1483218}.Release|Any CPU.Build.0 = Release|Any CPU
		{D1DC9F50-A60C-40BA-A53D-EC49F8966698}.Debug|Any CPU.ActiveCfg = Debug|Any CPU
		{D1DC9F50-A60C-40BA-A53D-EC49F8966698}.Debug|Any CPU.Build.0 = Debug|Any CPU
		{D1DC9F50-A60C-40BA-A53D-EC49F8966698}.Release|Any CPU.ActiveCfg = Release|Any CPU
		{D1DC9F50-A60C-40BA-A53D-EC49F8966698}.Release|Any CPU.Build.0 = Release|Any CPU
		{4F674B57-C449-4D9F-B52F-7080D9B00556}.Debug|Any CPU.ActiveCfg = Debug|Any CPU
		{4F674B57-C449-4D9F-B52F-7080D9B00556}.Debug|Any CPU.Build.0 = Debug|Any CPU
		{4F674B57-C449-4D9F-B52F-7080D9B00556}.Release|Any CPU.ActiveCfg = Release|Any CPU
		{4F674B57-C449-4D9F-B52F-7080D9B00556}.Release|Any CPU.Build.0 = Release|Any CPU
		{817F9A45-CA55-43FF-8864-70FC71C77808}.Debug|Any CPU.ActiveCfg = Debug|Any CPU
		{817F9A45-CA55-43FF-8864-70FC71C77808}.Debug|Any CPU.Build.0 = Debug|Any CPU
		{817F9A45-CA55-43FF-8864-70FC71C77808}.Release|Any CPU.ActiveCfg = Release|Any CPU
		{817F9A45-CA55-43FF-8864-70FC71C77808}.Release|Any CPU.Build.0 = Release|Any CPU
		{B8026F24-7A09-40E5-8DB0-01E5A566EABC}.Debug|Any CPU.ActiveCfg = Debug|Any CPU
		{B8026F24-7A09-40E5-8DB0-01E5A566EABC}.Debug|Any CPU.Build.0 = Debug|Any CPU
		{B8026F24-7A09-40E5-8DB0-01E5A566EABC}.Release|Any CPU.ActiveCfg = Release|Any CPU
		{B8026F24-7A09-40E5-8DB0-01E5A566EABC}.Release|Any CPU.Build.0 = Release|Any CPU
	EndGlobalSection
	GlobalSection(SolutionProperties) = preSolution
		HideSolutionNode = FALSE
	EndGlobalSection
	GlobalSection(ExtensibilityGlobals) = postSolution
		SolutionGuid = {5290CF9C-995C-4CDF-9279-FBC69DAD1DF3}
	EndGlobalSection
EndGlobal
